
Microsoft Visual Studio Solution File, Format Version 12.00
# Visual Studio 15
VisualStudioVersion = 15.0.27703.2018
MinimumVisualStudioVersion = 10.0.40219.1
Project("{FAE04EC0-301F-11D3-BF4B-00C04F79EFBC}") = "trial", "trial\trial.csproj", "{7831FFCB-376A-4ED3-ADF0-EF35FF8D43DC}"
EndProject
Global
	GlobalSection(SolutionConfigurationPlatforms) = preSolution
		Debug|Any CPU = Debug|Any CPU
		Release|Any CPU = Release|Any CPU
	EndGlobalSection
	GlobalSection(ProjectConfigurationPlatforms) = postSolution
		{7831FFCB-376A-4ED3-ADF0-EF35FF8D43DC}.Debug|Any CPU.ActiveCfg = Debug|Any CPU
		{7831FFCB-376A-4ED3-ADF0-EF35FF8D43DC}.Debug|Any CPU.Build.0 = Debug|Any CPU
		{7831FFCB-376A-4ED3-ADF0-EF35FF8D43DC}.Release|Any CPU.ActiveCfg = Release|Any CPU
		{7831FFCB-376A-4ED3-ADF0-EF35FF8D43DC}.Release|Any CPU.Build.0 = Release|Any CPU
	EndGlobalSection
	GlobalSection(SolutionProperties) = preSolution
		HideSolutionNode = FALSE
	EndGlobalSection
	GlobalSection(ExtensibilityGlobals) = postSolution
		SolutionGuid = {69040656-6392-4D46-92CD-92EB6A8EAEDC}
	EndGlobalSection
EndGlobal
